// !$*UTF8*$!
{
	archiveVersion = 1;
	classes = {
	};
	objectVersion = 52;
	objects = {

/* Begin PBXBuildFile section */
		5E3DAC44242A82BC00583CDB /* AppDelegate.swift in Sources */ = {isa = PBXBuildFile; fileRef = 5E3DAC43242A82BC00583CDB /* AppDelegate.swift */; };
		5E3DAC46242A82BC00583CDB /* SceneDelegate.swift in Sources */ = {isa = PBXBuildFile; fileRef = 5E3DAC45242A82BC00583CDB /* SceneDelegate.swift */; };
		5E3DAC4D242A82BE00583CDB /* Assets.xcassets in Resources */ = {isa = PBXBuildFile; fileRef = 5E3DAC4C242A82BE00583CDB /* Assets.xcassets */; };
		5E3DAC50242A82BE00583CDB /* LaunchScreen.storyboard in Resources */ = {isa = PBXBuildFile; fileRef = 5E3DAC4E242A82BE00583CDB /* LaunchScreen.storyboard */; };
		5E3DAC68242A84B400583CDB /* HttpRequest.swift in Sources */ = {isa = PBXBuildFile; fileRef = 5E3DAC67242A84B400583CDB /* HttpRequest.swift */; };
		5E3DAC6A242A85C100583CDB /* HttpService.swift in Sources */ = {isa = PBXBuildFile; fileRef = 5E3DAC69242A85C100583CDB /* HttpService.swift */; };
		5E3DAC6C242A85E300583CDB /* StorytelAPI.swift in Sources */ = {isa = PBXBuildFile; fileRef = 5E3DAC6B242A85E300583CDB /* StorytelAPI.swift */; };
		5E3DAC6F242A869A00583CDB /* Book.swift in Sources */ = {isa = PBXBuildFile; fileRef = 5E3DAC6E242A869A00583CDB /* Book.swift */; };
		5E3DAC74242A879B00583CDB /* BooksListViewController.swift in Sources */ = {isa = PBXBuildFile; fileRef = 5E3DAC73242A879B00583CDB /* BooksListViewController.swift */; };
		5E3DAC76242A87AF00583CDB /* BooksListPresenter.swift in Sources */ = {isa = PBXBuildFile; fileRef = 5E3DAC75242A87AF00583CDB /* BooksListPresenter.swift */; };
		5E3DAC7A242A8C1A00583CDB /* Presenter.swift in Sources */ = {isa = PBXBuildFile; fileRef = 5E3DAC79242A8C1A00583CDB /* Presenter.swift */; };
		5E3DAC7C242AA36000583CDB /* BooksListViewBuilder.swift in Sources */ = {isa = PBXBuildFile; fileRef = 5E3DAC7B242AA36000583CDB /* BooksListViewBuilder.swift */; };
		5EC2A059242B4F5700771E20 /* ApplicationContext.swift in Sources */ = {isa = PBXBuildFile; fileRef = 5EC2A058242B4F5700771E20 /* ApplicationContext.swift */; };
		5ECF5E9F242B61E000F161F9 /* BooksResponse.swift in Sources */ = {isa = PBXBuildFile; fileRef = 5ECF5E9E242B61E000F161F9 /* BooksResponse.swift */; };
		5ECF5EA4242B636300F161F9 /* BookPerson.swift in Sources */ = {isa = PBXBuildFile; fileRef = 5ECF5EA3242B636300F161F9 /* BookPerson.swift */; };
		5ECF5EA6242B638100F161F9 /* BookImage.swift in Sources */ = {isa = PBXBuildFile; fileRef = 5ECF5EA5242B638100F161F9 /* BookImage.swift */; };
		5ECF5EA8242B68DD00F161F9 /* Alert.swift in Sources */ = {isa = PBXBuildFile; fileRef = 5ECF5EA7242B68DD00F161F9 /* Alert.swift */; };
		5ECF5EAC242B691500F161F9 /* UIViewController+Alert.swift in Sources */ = {isa = PBXBuildFile; fileRef = 5ECF5EAB242B691500F161F9 /* UIViewController+Alert.swift */; };
		5ECF5EAE242B699800F161F9 /* UITableViewCell+ReuseIdentifier.swift in Sources */ = {isa = PBXBuildFile; fileRef = 5ECF5EAD242B699800F161F9 /* UITableViewCell+ReuseIdentifier.swift */; };
		5ECF5EB0242B8A5000F161F9 /* PresenterView.swift in Sources */ = {isa = PBXBuildFile; fileRef = 5ECF5EAF242B8A5000F161F9 /* PresenterView.swift */; };
		5ECF5EB4242B8B8200F161F9 /* BookCell.swift in Sources */ = {isa = PBXBuildFile; fileRef = 5ECF5EB2242B8B8200F161F9 /* BookCell.swift */; };
		5ECF5EB5242B8B8200F161F9 /* BookCell.xib in Resources */ = {isa = PBXBuildFile; fileRef = 5ECF5EB3242B8B8200F161F9 /* BookCell.xib */; };
		5ED6F3FF242C9A520067CF98 /* BookViewModel.swift in Sources */ = {isa = PBXBuildFile; fileRef = 5ED6F3FE242C9A520067CF98 /* BookViewModel.swift */; };
		5ED6F402242C9E160067CF98 /* SDWebImage in Frameworks */ = {isa = PBXBuildFile; productRef = 5ED6F401242C9E160067CF98 /* SDWebImage */; };
		5ED6F404242CE0D60067CF98 /* LoadableView.swift in Sources */ = {isa = PBXBuildFile; fileRef = 5ED6F403242CE0D60067CF98 /* LoadableView.swift */; };
		5ED6F406242CE1490067CF98 /* IncrementallyLoadableView.swift in Sources */ = {isa = PBXBuildFile; fileRef = 5ED6F405242CE1490067CF98 /* IncrementallyLoadableView.swift */; };
		5ED6F40A242CEC1D0067CF98 /* BooksHeaderView.swift in Sources */ = {isa = PBXBuildFile; fileRef = 5ED6F409242CEC1D0067CF98 /* BooksHeaderView.swift */; };
		5ED6F40C242CFAD50067CF98 /* BooksListPresenterTests.swift in Sources */ = {isa = PBXBuildFile; fileRef = 5ED6F40B242CFAD50067CF98 /* BooksListPresenterTests.swift */; };
		5ED6F40F242CFB810067CF98 /* MockBooksApiService.swift in Sources */ = {isa = PBXBuildFile; fileRef = 5ED6F40E242CFB810067CF98 /* MockBooksApiService.swift */; };
		5ED6F411242CFCC00067CF98 /* MockBooksListView.swift in Sources */ = {isa = PBXBuildFile; fileRef = 5ED6F410242CFCC00067CF98 /* MockBooksListView.swift */; };
		5ED6F413242D03120067CF98 /* BookViewModelTests.swift in Sources */ = {isa = PBXBuildFile; fileRef = 5ED6F412242D03120067CF98 /* BookViewModelTests.swift */; };
/* End PBXBuildFile section */

/* Begin PBXContainerItemProxy section */
		5E3DAC57242A82BE00583CDB /* PBXContainerItemProxy */ = {
			isa = PBXContainerItemProxy;
			containerPortal = 5E3DAC38242A82BC00583CDB /* Project object */;
			proxyType = 1;
			remoteGlobalIDString = 5E3DAC3F242A82BC00583CDB;
			remoteInfo = StorytelApp;
		};
/* End PBXContainerItemProxy section */

/* Begin PBXFileReference section */
		5E3DAC40242A82BC00583CDB /* StorytelApp.app */ = {isa = PBXFileReference; explicitFileType = wrapper.application; includeInIndex = 0; path = StorytelApp.app; sourceTree = BUILT_PRODUCTS_DIR; };
		5E3DAC43242A82BC00583CDB /* AppDelegate.swift */ = {isa = PBXFileReference; lastKnownFileType = sourcecode.swift; path = AppDelegate.swift; sourceTree = "<group>"; };
		5E3DAC45242A82BC00583CDB /* SceneDelegate.swift */ = {isa = PBXFileReference; lastKnownFileType = sourcecode.swift; path = SceneDelegate.swift; sourceTree = "<group>"; };
		5E3DAC4C242A82BE00583CDB /* Assets.xcassets */ = {isa = PBXFileReference; lastKnownFileType = folder.assetcatalog; path = Assets.xcassets; sourceTree = "<group>"; };
		5E3DAC4F242A82BE00583CDB /* Base */ = {isa = PBXFileReference; lastKnownFileType = file.storyboard; name = Base; path = Base.lproj/LaunchScreen.storyboard; sourceTree = "<group>"; };
		5E3DAC51242A82BE00583CDB /* Info.plist */ = {isa = PBXFileReference; lastKnownFileType = text.plist.xml; path = Info.plist; sourceTree = "<group>"; };
		5E3DAC56242A82BE00583CDB /* StorytelAppTests.xctest */ = {isa = PBXFileReference; explicitFileType = wrapper.cfbundle; includeInIndex = 0; path = StorytelAppTests.xctest; sourceTree = BUILT_PRODUCTS_DIR; };
		5E3DAC5C242A82BE00583CDB /* Info.plist */ = {isa = PBXFileReference; lastKnownFileType = text.plist.xml; path = Info.plist; sourceTree = "<group>"; };
		5E3DAC67242A84B400583CDB /* HttpRequest.swift */ = {isa = PBXFileReference; lastKnownFileType = sourcecode.swift; path = HttpRequest.swift; sourceTree = "<group>"; };
		5E3DAC69242A85C100583CDB /* HttpService.swift */ = {isa = PBXFileReference; lastKnownFileType = sourcecode.swift; path = HttpService.swift; sourceTree = "<group>"; };
		5E3DAC6B242A85E300583CDB /* StorytelAPI.swift */ = {isa = PBXFileReference; lastKnownFileType = sourcecode.swift; path = StorytelAPI.swift; sourceTree = "<group>"; };
		5E3DAC6E242A869A00583CDB /* Book.swift */ = {isa = PBXFileReference; lastKnownFileType = sourcecode.swift; path = Book.swift; sourceTree = "<group>"; };
		5E3DAC73242A879B00583CDB /* BooksListViewController.swift */ = {isa = PBXFileReference; lastKnownFileType = sourcecode.swift; path = BooksListViewController.swift; sourceTree = "<group>"; };
		5E3DAC75242A87AF00583CDB /* BooksListPresenter.swift */ = {isa = PBXFileReference; lastKnownFileType = sourcecode.swift; path = BooksListPresenter.swift; sourceTree = "<group>"; };
		5E3DAC79242A8C1A00583CDB /* Presenter.swift */ = {isa = PBXFileReference; lastKnownFileType = sourcecode.swift; path = Presenter.swift; sourceTree = "<group>"; };
		5E3DAC7B242AA36000583CDB /* BooksListViewBuilder.swift */ = {isa = PBXFileReference; lastKnownFileType = sourcecode.swift; path = BooksListViewBuilder.swift; sourceTree = "<group>"; };
		5EC2A058242B4F5700771E20 /* ApplicationContext.swift */ = {isa = PBXFileReference; lastKnownFileType = sourcecode.swift; path = ApplicationContext.swift; sourceTree = "<group>"; };
		5ECF5E9E242B61E000F161F9 /* BooksResponse.swift */ = {isa = PBXFileReference; lastKnownFileType = sourcecode.swift; path = BooksResponse.swift; sourceTree = "<group>"; };
		5ECF5EA3242B636300F161F9 /* BookPerson.swift */ = {isa = PBXFileReference; lastKnownFileType = sourcecode.swift; path = BookPerson.swift; sourceTree = "<group>"; };
		5ECF5EA5242B638100F161F9 /* BookImage.swift */ = {isa = PBXFileReference; lastKnownFileType = sourcecode.swift; path = BookImage.swift; sourceTree = "<group>"; };
		5ECF5EA7242B68DD00F161F9 /* Alert.swift */ = {isa = PBXFileReference; lastKnownFileType = sourcecode.swift; path = Alert.swift; sourceTree = "<group>"; };
		5ECF5EAB242B691500F161F9 /* UIViewController+Alert.swift */ = {isa = PBXFileReference; lastKnownFileType = sourcecode.swift; path = "UIViewController+Alert.swift"; sourceTree = "<group>"; };
		5ECF5EAD242B699800F161F9 /* UITableViewCell+ReuseIdentifier.swift */ = {isa = PBXFileReference; lastKnownFileType = sourcecode.swift; path = "UITableViewCell+ReuseIdentifier.swift"; sourceTree = "<group>"; };
		5ECF5EAF242B8A5000F161F9 /* PresenterView.swift */ = {isa = PBXFileReference; lastKnownFileType = sourcecode.swift; path = PresenterView.swift; sourceTree = "<group>"; };
		5ECF5EB2242B8B8200F161F9 /* BookCell.swift */ = {isa = PBXFileReference; lastKnownFileType = sourcecode.swift; path = BookCell.swift; sourceTree = "<group>"; };
		5ECF5EB3242B8B8200F161F9 /* BookCell.xib */ = {isa = PBXFileReference; lastKnownFileType = file.xib; path = BookCell.xib; sourceTree = "<group>"; };
		5ED6F3FE242C9A520067CF98 /* BookViewModel.swift */ = {isa = PBXFileReference; lastKnownFileType = sourcecode.swift; path = BookViewModel.swift; sourceTree = "<group>"; };
		5ED6F403242CE0D60067CF98 /* LoadableView.swift */ = {isa = PBXFileReference; lastKnownFileType = sourcecode.swift; path = LoadableView.swift; sourceTree = "<group>"; };
		5ED6F405242CE1490067CF98 /* IncrementallyLoadableView.swift */ = {isa = PBXFileReference; lastKnownFileType = sourcecode.swift; path = IncrementallyLoadableView.swift; sourceTree = "<group>"; };
		5ED6F409242CEC1D0067CF98 /* BooksHeaderView.swift */ = {isa = PBXFileReference; lastKnownFileType = sourcecode.swift; path = BooksHeaderView.swift; sourceTree = "<group>"; };
		5ED6F40B242CFAD50067CF98 /* BooksListPresenterTests.swift */ = {isa = PBXFileReference; lastKnownFileType = sourcecode.swift; path = BooksListPresenterTests.swift; sourceTree = "<group>"; };
		5ED6F40E242CFB810067CF98 /* MockBooksApiService.swift */ = {isa = PBXFileReference; lastKnownFileType = sourcecode.swift; path = MockBooksApiService.swift; sourceTree = "<group>"; };
		5ED6F410242CFCC00067CF98 /* MockBooksListView.swift */ = {isa = PBXFileReference; lastKnownFileType = sourcecode.swift; path = MockBooksListView.swift; sourceTree = "<group>"; };
		5ED6F412242D03120067CF98 /* BookViewModelTests.swift */ = {isa = PBXFileReference; lastKnownFileType = sourcecode.swift; path = BookViewModelTests.swift; sourceTree = "<group>"; };
/* End PBXFileReference section */

/* Begin PBXFrameworksBuildPhase section */
		5E3DAC3D242A82BC00583CDB /* Frameworks */ = {
			isa = PBXFrameworksBuildPhase;
			buildActionMask = 2147483647;
			files = (
				5ED6F402242C9E160067CF98 /* SDWebImage in Frameworks */,
			);
			runOnlyForDeploymentPostprocessing = 0;
		};
		5E3DAC53242A82BE00583CDB /* Frameworks */ = {
			isa = PBXFrameworksBuildPhase;
			buildActionMask = 2147483647;
			files = (
			);
			runOnlyForDeploymentPostprocessing = 0;
		};
/* End PBXFrameworksBuildPhase section */

/* Begin PBXGroup section */
		5E3DAC37242A82BC00583CDB = {
			isa = PBXGroup;
			children = (
				5E3DAC42242A82BC00583CDB /* StorytelApp */,
				5E3DAC59242A82BE00583CDB /* StorytelAppTests */,
				5E3DAC41242A82BC00583CDB /* Products */,
			);
			sourceTree = "<group>";
		};
		5E3DAC41242A82BC00583CDB /* Products */ = {
			isa = PBXGroup;
			children = (
				5E3DAC40242A82BC00583CDB /* StorytelApp.app */,
				5E3DAC56242A82BE00583CDB /* StorytelAppTests.xctest */,
			);
			name = Products;
			sourceTree = "<group>";
		};
		5E3DAC42242A82BC00583CDB /* StorytelApp */ = {
			isa = PBXGroup;
			children = (
				5E3DAC65242A84A500583CDB /* API */,
				5E3DAC78242A8C0700583CDB /* Common */,
				5E3DAC70242A873800583CDB /* Books List */,
				5ECF5EA9242B68FF00F161F9 /* Utils */,
				5E3DAC43242A82BC00583CDB /* AppDelegate.swift */,
				5E3DAC45242A82BC00583CDB /* SceneDelegate.swift */,
				5E3DAC4C242A82BE00583CDB /* Assets.xcassets */,
				5E3DAC4E242A82BE00583CDB /* LaunchScreen.storyboard */,
				5E3DAC51242A82BE00583CDB /* Info.plist */,
			);
			path = StorytelApp;
			sourceTree = "<group>";
		};
		5E3DAC59242A82BE00583CDB /* StorytelAppTests */ = {
			isa = PBXGroup;
			children = (
				5ED6F40D242CFB680067CF98 /* Mock */,
				5E3DAC5C242A82BE00583CDB /* Info.plist */,
				5ED6F40B242CFAD50067CF98 /* BooksListPresenterTests.swift */,
				5ED6F412242D03120067CF98 /* BookViewModelTests.swift */,
			);
			path = StorytelAppTests;
			sourceTree = "<group>";
		};
		5E3DAC65242A84A500583CDB /* API */ = {
			isa = PBXGroup;
			children = (
				5E3DAC66242A84AA00583CDB /* Core */,
				5E3DAC6D242A868E00583CDB /* Models */,
				5E3DAC6B242A85E300583CDB /* StorytelAPI.swift */,
			);
			path = API;
			sourceTree = "<group>";
		};
		5E3DAC66242A84AA00583CDB /* Core */ = {
			isa = PBXGroup;
			children = (
				5E3DAC67242A84B400583CDB /* HttpRequest.swift */,
				5E3DAC69242A85C100583CDB /* HttpService.swift */,
			);
			path = Core;
			sourceTree = "<group>";
		};
		5E3DAC6D242A868E00583CDB /* Models */ = {
			isa = PBXGroup;
			children = (
				5ECF5E9D242B61D000F161F9 /* Responses */,
				5ECF5EA2242B623900F161F9 /* Books */,
			);
			path = Models;
			sourceTree = "<group>";
		};
		5E3DAC70242A873800583CDB /* Books List */ = {
			isa = PBXGroup;
			children = (
				5E3DAC77242A882E00583CDB /* Builder */,
				5E3DAC72242A878A00583CDB /* Presenter */,
				5ED6F3FD242C9A3E0067CF98 /* ViewModels */,
				5E3DAC71242A878700583CDB /* View */,
			);
			path = "Books List";
			sourceTree = "<group>";
		};
		5E3DAC71242A878700583CDB /* View */ = {
			isa = PBXGroup;
			children = (
				5ECF5EB1242B8B7000F161F9 /* Cells */,
				5ED6F408242CEB8B0067CF98 /* Header View */,
				5E3DAC73242A879B00583CDB /* BooksListViewController.swift */,
			);
			path = View;
			sourceTree = "<group>";
		};
		5E3DAC72242A878A00583CDB /* Presenter */ = {
			isa = PBXGroup;
			children = (
				5E3DAC75242A87AF00583CDB /* BooksListPresenter.swift */,
			);
			path = Presenter;
			sourceTree = "<group>";
		};
		5E3DAC77242A882E00583CDB /* Builder */ = {
			isa = PBXGroup;
			children = (
				5E3DAC7B242AA36000583CDB /* BooksListViewBuilder.swift */,
			);
			path = Builder;
			sourceTree = "<group>";
		};
		5E3DAC78242A8C0700583CDB /* Common */ = {
			isa = PBXGroup;
			children = (
				5E3DAC79242A8C1A00583CDB /* Presenter.swift */,
				5ECF5EAF242B8A5000F161F9 /* PresenterView.swift */,
				5ED6F403242CE0D60067CF98 /* LoadableView.swift */,
				5ED6F405242CE1490067CF98 /* IncrementallyLoadableView.swift */,
				5EC2A058242B4F5700771E20 /* ApplicationContext.swift */,
				5ECF5EA7242B68DD00F161F9 /* Alert.swift */,
			);
			path = Common;
			sourceTree = "<group>";
		};
		5ECF5E9D242B61D000F161F9 /* Responses */ = {
			isa = PBXGroup;
			children = (
				5ECF5E9E242B61E000F161F9 /* BooksResponse.swift */,
			);
			path = Responses;
			sourceTree = "<group>";
		};
		5ECF5EA2242B623900F161F9 /* Books */ = {
			isa = PBXGroup;
			children = (
				5E3DAC6E242A869A00583CDB /* Book.swift */,
				5ECF5EA5242B638100F161F9 /* BookImage.swift */,
				5ECF5EA3242B636300F161F9 /* BookPerson.swift */,
			);
			path = Books;
			sourceTree = "<group>";
		};
		5ECF5EA9242B68FF00F161F9 /* Utils */ = {
			isa = PBXGroup;
			children = (
				5ECF5EAA242B690400F161F9 /* Extensions */,
			);
			path = Utils;
			sourceTree = "<group>";
		};
		5ECF5EAA242B690400F161F9 /* Extensions */ = {
			isa = PBXGroup;
			children = (
				5ECF5EAB242B691500F161F9 /* UIViewController+Alert.swift */,
				5ECF5EAD242B699800F161F9 /* UITableViewCell+ReuseIdentifier.swift */,
			);
			path = Extensions;
			sourceTree = "<group>";
		};
		5ECF5EB1242B8B7000F161F9 /* Cells */ = {
			isa = PBXGroup;
			children = (
				5ECF5EB2242B8B8200F161F9 /* BookCell.swift */,
				5ECF5EB3242B8B8200F161F9 /* BookCell.xib */,
			);
			path = Cells;
			sourceTree = "<group>";
		};
		5ED6F3FD242C9A3E0067CF98 /* ViewModels */ = {
			isa = PBXGroup;
			children = (
				5ED6F3FE242C9A520067CF98 /* BookViewModel.swift */,
			);
			path = ViewModels;
			sourceTree = "<group>";
		};
		5ED6F408242CEB8B0067CF98 /* Header View */ = {
			isa = PBXGroup;
			children = (
				5ED6F409242CEC1D0067CF98 /* BooksHeaderView.swift */,
			);
			path = "Header View";
			sourceTree = "<group>";
		};
		5ED6F40D242CFB680067CF98 /* Mock */ = {
			isa = PBXGroup;
			children = (
				5ED6F40E242CFB810067CF98 /* MockBooksApiService.swift */,
				5ED6F410242CFCC00067CF98 /* MockBooksListView.swift */,
			);
			path = Mock;
			sourceTree = "<group>";
		};
/* End PBXGroup section */

/* Begin PBXNativeTarget section */
		5E3DAC3F242A82BC00583CDB /* StorytelApp */ = {
			isa = PBXNativeTarget;
			buildConfigurationList = 5E3DAC5F242A82BE00583CDB /* Build configuration list for PBXNativeTarget "StorytelApp" */;
			buildPhases = (
				5E3DAC3C242A82BC00583CDB /* Sources */,
				5E3DAC3D242A82BC00583CDB /* Frameworks */,
				5E3DAC3E242A82BC00583CDB /* Resources */,
			);
			buildRules = (
			);
			dependencies = (
			);
			name = StorytelApp;
			packageProductDependencies = (
				5ED6F401242C9E160067CF98 /* SDWebImage */,
			);
			productName = StorytelApp;
			productReference = 5E3DAC40242A82BC00583CDB /* StorytelApp.app */;
			productType = "com.apple.product-type.application";
		};
		5E3DAC55242A82BE00583CDB /* StorytelAppTests */ = {
			isa = PBXNativeTarget;
			buildConfigurationList = 5E3DAC62242A82BE00583CDB /* Build configuration list for PBXNativeTarget "StorytelAppTests" */;
			buildPhases = (
				5E3DAC52242A82BE00583CDB /* Sources */,
				5E3DAC53242A82BE00583CDB /* Frameworks */,
				5E3DAC54242A82BE00583CDB /* Resources */,
			);
			buildRules = (
			);
			dependencies = (
				5E3DAC58242A82BE00583CDB /* PBXTargetDependency */,
			);
			name = StorytelAppTests;
			productName = StorytelAppTests;
			productReference = 5E3DAC56242A82BE00583CDB /* StorytelAppTests.xctest */;
			productType = "com.apple.product-type.bundle.unit-test";
		};
/* End PBXNativeTarget section */

/* Begin PBXProject section */
		5E3DAC38242A82BC00583CDB /* Project object */ = {
			isa = PBXProject;
			attributes = {
				LastSwiftUpdateCheck = 1130;
				LastUpgradeCheck = 1130;
				ORGANIZATIONNAME = "Artem Shuba";
				TargetAttributes = {
					5E3DAC3F242A82BC00583CDB = {
						CreatedOnToolsVersion = 11.3.1;
					};
					5E3DAC55242A82BE00583CDB = {
						CreatedOnToolsVersion = 11.3.1;
						LastSwiftMigration = 1140;
						TestTargetID = 5E3DAC3F242A82BC00583CDB;
					};
				};
			};
			buildConfigurationList = 5E3DAC3B242A82BC00583CDB /* Build configuration list for PBXProject "StorytelApp" */;
			compatibilityVersion = "Xcode 9.3";
			developmentRegion = en;
			hasScannedForEncodings = 0;
			knownRegions = (
				en,
				Base,
			);
			mainGroup = 5E3DAC37242A82BC00583CDB;
			packageReferences = (
				5ED6F400242C9E160067CF98 /* XCRemoteSwiftPackageReference "SDWebImage" */,
			);
			productRefGroup = 5E3DAC41242A82BC00583CDB /* Products */;
			projectDirPath = "";
			projectRoot = "";
			targets = (
				5E3DAC3F242A82BC00583CDB /* StorytelApp */,
				5E3DAC55242A82BE00583CDB /* StorytelAppTests */,
			);
		};
/* End PBXProject section */

/* Begin PBXResourcesBuildPhase section */
		5E3DAC3E242A82BC00583CDB /* Resources */ = {
			isa = PBXResourcesBuildPhase;
			buildActionMask = 2147483647;
			files = (
				5E3DAC50242A82BE00583CDB /* LaunchScreen.storyboard in Resources */,
				5E3DAC4D242A82BE00583CDB /* Assets.xcassets in Resources */,
				5ECF5EB5242B8B8200F161F9 /* BookCell.xib in Resources */,
			);
			runOnlyForDeploymentPostprocessing = 0;
		};
		5E3DAC54242A82BE00583CDB /* Resources */ = {
			isa = PBXResourcesBuildPhase;
			buildActionMask = 2147483647;
			files = (
			);
			runOnlyForDeploymentPostprocessing = 0;
		};
/* End PBXResourcesBuildPhase section */

/* Begin PBXSourcesBuildPhase section */
		5E3DAC3C242A82BC00583CDB /* Sources */ = {
			isa = PBXSourcesBuildPhase;
			buildActionMask = 2147483647;
			files = (
				5E3DAC6C242A85E300583CDB /* StorytelAPI.swift in Sources */,
				5E3DAC74242A879B00583CDB /* BooksListViewController.swift in Sources */,
				5E3DAC76242A87AF00583CDB /* BooksListPresenter.swift in Sources */,
				5ECF5EA8242B68DD00F161F9 /* Alert.swift in Sources */,
				5ED6F406242CE1490067CF98 /* IncrementallyLoadableView.swift in Sources */,
				5ED6F40A242CEC1D0067CF98 /* BooksHeaderView.swift in Sources */,
				5ECF5E9F242B61E000F161F9 /* BooksResponse.swift in Sources */,
				5ED6F3FF242C9A520067CF98 /* BookViewModel.swift in Sources */,
				5EC2A059242B4F5700771E20 /* ApplicationContext.swift in Sources */,
				5ECF5EB4242B8B8200F161F9 /* BookCell.swift in Sources */,
				5E3DAC7C242AA36000583CDB /* BooksListViewBuilder.swift in Sources */,
				5ECF5EAC242B691500F161F9 /* UIViewController+Alert.swift in Sources */,
				5ECF5EA4242B636300F161F9 /* BookPerson.swift in Sources */,
				5ECF5EB0242B8A5000F161F9 /* PresenterView.swift in Sources */,
				5ED6F404242CE0D60067CF98 /* LoadableView.swift in Sources */,
				5E3DAC7A242A8C1A00583CDB /* Presenter.swift in Sources */,
				5ECF5EA6242B638100F161F9 /* BookImage.swift in Sources */,
				5ECF5EAE242B699800F161F9 /* UITableViewCell+ReuseIdentifier.swift in Sources */,
				5E3DAC6F242A869A00583CDB /* Book.swift in Sources */,
				5E3DAC68242A84B400583CDB /* HttpRequest.swift in Sources */,
				5E3DAC44242A82BC00583CDB /* AppDelegate.swift in Sources */,
				5E3DAC46242A82BC00583CDB /* SceneDelegate.swift in Sources */,
				5E3DAC6A242A85C100583CDB /* HttpService.swift in Sources */,
			);
			runOnlyForDeploymentPostprocessing = 0;
		};
		5E3DAC52242A82BE00583CDB /* Sources */ = {
			isa = PBXSourcesBuildPhase;
			buildActionMask = 2147483647;
			files = (
				5ED6F40C242CFAD50067CF98 /* BooksListPresenterTests.swift in Sources */,
				5ED6F413242D03120067CF98 /* BookViewModelTests.swift in Sources */,
				5ED6F40F242CFB810067CF98 /* MockBooksApiService.swift in Sources */,
				5ED6F411242CFCC00067CF98 /* MockBooksListView.swift in Sources */,
			);
			runOnlyForDeploymentPostprocessing = 0;
		};
/* End PBXSourcesBuildPhase section */

/* Begin PBXTargetDependency section */
		5E3DAC58242A82BE00583CDB /* PBXTargetDependency */ = {
			isa = PBXTargetDependency;
			target = 5E3DAC3F242A82BC00583CDB /* StorytelApp */;
			targetProxy = 5E3DAC57242A82BE00583CDB /* PBXContainerItemProxy */;
		};
/* End PBXTargetDependency section */

/* Begin PBXVariantGroup section */
		5E3DAC4E242A82BE00583CDB /* LaunchScreen.storyboard */ = {
			isa = PBXVariantGroup;
			children = (
				5E3DAC4F242A82BE00583CDB /* Base */,
			);
			name = LaunchScreen.storyboard;
			sourceTree = "<group>";
		};
/* End PBXVariantGroup section */

/* Begin XCBuildConfiguration section */
		5E3DAC5D242A82BE00583CDB /* Debug */ = {
			isa = XCBuildConfiguration;
			buildSettings = {
				ALWAYS_SEARCH_USER_PATHS = NO;
				CLANG_ANALYZER_NONNULL = YES;
				CLANG_ANALYZER_NUMBER_OBJECT_CONVERSION = YES_AGGRESSIVE;
				CLANG_CXX_LANGUAGE_STANDARD = "gnu++14";
				CLANG_CXX_LIBRARY = "libc++";
				CLANG_ENABLE_MODULES = YES;
				CLANG_ENABLE_OBJC_ARC = YES;
				CLANG_ENABLE_OBJC_WEAK = YES;
				CLANG_WARN_BLOCK_CAPTURE_AUTORELEASING = YES;
				CLANG_WARN_BOOL_CONVERSION = YES;
				CLANG_WARN_COMMA = YES;
				CLANG_WARN_CONSTANT_CONVERSION = YES;
				CLANG_WARN_DEPRECATED_OBJC_IMPLEMENTATIONS = YES;
				CLANG_WARN_DIRECT_OBJC_ISA_USAGE = YES_ERROR;
				CLANG_WARN_DOCUMENTATION_COMMENTS = YES;
				CLANG_WARN_EMPTY_BODY = YES;
				CLANG_WARN_ENUM_CONVERSION = YES;
				CLANG_WARN_INFINITE_RECURSION = YES;
				CLANG_WARN_INT_CONVERSION = YES;
				CLANG_WARN_NON_LITERAL_NULL_CONVERSION = YES;
				CLANG_WARN_OBJC_IMPLICIT_RETAIN_SELF = YES;
				CLANG_WARN_OBJC_LITERAL_CONVERSION = YES;
				CLANG_WARN_OBJC_ROOT_CLASS = YES_ERROR;
				CLANG_WARN_RANGE_LOOP_ANALYSIS = YES;
				CLANG_WARN_STRICT_PROTOTYPES = YES;
				CLANG_WARN_SUSPICIOUS_MOVE = YES;
				CLANG_WARN_UNGUARDED_AVAILABILITY = YES_AGGRESSIVE;
				CLANG_WARN_UNREACHABLE_CODE = YES;
				CLANG_WARN__DUPLICATE_METHOD_MATCH = YES;
				COPY_PHASE_STRIP = NO;
				DEBUG_INFORMATION_FORMAT = dwarf;
				ENABLE_STRICT_OBJC_MSGSEND = YES;
				ENABLE_TESTABILITY = YES;
				GCC_C_LANGUAGE_STANDARD = gnu11;
				GCC_DYNAMIC_NO_PIC = NO;
				GCC_NO_COMMON_BLOCKS = YES;
				GCC_OPTIMIZATION_LEVEL = 0;
				GCC_PREPROCESSOR_DEFINITIONS = (
					"DEBUG=1",
					"$(inherited)",
				);
				GCC_WARN_64_TO_32_BIT_CONVERSION = YES;
				GCC_WARN_ABOUT_RETURN_TYPE = YES_ERROR;
				GCC_WARN_UNDECLARED_SELECTOR = YES;
				GCC_WARN_UNINITIALIZED_AUTOS = YES_AGGRESSIVE;
				GCC_WARN_UNUSED_FUNCTION = YES;
				GCC_WARN_UNUSED_VARIABLE = YES;
				IPHONEOS_DEPLOYMENT_TARGET = 13.2;
				MTL_ENABLE_DEBUG_INFO = INCLUDE_SOURCE;
				MTL_FAST_MATH = YES;
				ONLY_ACTIVE_ARCH = YES;
				SDKROOT = iphoneos;
				SWIFT_ACTIVE_COMPILATION_CONDITIONS = DEBUG;
				SWIFT_OPTIMIZATION_LEVEL = "-Onone";
			};
			name = Debug;
		};
		5E3DAC5E242A82BE00583CDB /* Release */ = {
			isa = XCBuildConfiguration;
			buildSettings = {
				ALWAYS_SEARCH_USER_PATHS = NO;
				CLANG_ANALYZER_NONNULL = YES;
				CLANG_ANALYZER_NUMBER_OBJECT_CONVERSION = YES_AGGRESSIVE;
				CLANG_CXX_LANGUAGE_STANDARD = "gnu++14";
				CLANG_CXX_LIBRARY = "libc++";
				CLANG_ENABLE_MODULES = YES;
				CLANG_ENABLE_OBJC_ARC = YES;
				CLANG_ENABLE_OBJC_WEAK = YES;
				CLANG_WARN_BLOCK_CAPTURE_AUTORELEASING = YES;
				CLANG_WARN_BOOL_CONVERSION = YES;
				CLANG_WARN_COMMA = YES;
				CLANG_WARN_CONSTANT_CONVERSION = YES;
				CLANG_WARN_DEPRECATED_OBJC_IMPLEMENTATIONS = YES;
				CLANG_WARN_DIRECT_OBJC_ISA_USAGE = YES_ERROR;
				CLANG_WARN_DOCUMENTATION_COMMENTS = YES;
				CLANG_WARN_EMPTY_BODY = YES;
				CLANG_WARN_ENUM_CONVERSION = YES;
				CLANG_WARN_INFINITE_RECURSION = YES;
				CLANG_WARN_INT_CONVERSION = YES;
				CLANG_WARN_NON_LITERAL_NULL_CONVERSION = YES;
				CLANG_WARN_OBJC_IMPLICIT_RETAIN_SELF = YES;
				CLANG_WARN_OBJC_LITERAL_CONVERSION = YES;
				CLANG_WARN_OBJC_ROOT_CLASS = YES_ERROR;
				CLANG_WARN_RANGE_LOOP_ANALYSIS = YES;
				CLANG_WARN_STRICT_PROTOTYPES = YES;
				CLANG_WARN_SUSPICIOUS_MOVE = YES;
				CLANG_WARN_UNGUARDED_AVAILABILITY = YES_AGGRESSIVE;
				CLANG_WARN_UNREACHABLE_CODE = YES;
				CLANG_WARN__DUPLICATE_METHOD_MATCH = YES;
				COPY_PHASE_STRIP = NO;
				DEBUG_INFORMATION_FORMAT = "dwarf-with-dsym";
				ENABLE_NS_ASSERTIONS = NO;
				ENABLE_STRICT_OBJC_MSGSEND = YES;
				GCC_C_LANGUAGE_STANDARD = gnu11;
				GCC_NO_COMMON_BLOCKS = YES;
				GCC_WARN_64_TO_32_BIT_CONVERSION = YES;
				GCC_WARN_ABOUT_RETURN_TYPE = YES_ERROR;
				GCC_WARN_UNDECLARED_SELECTOR = YES;
				GCC_WARN_UNINITIALIZED_AUTOS = YES_AGGRESSIVE;
				GCC_WARN_UNUSED_FUNCTION = YES;
				GCC_WARN_UNUSED_VARIABLE = YES;
				IPHONEOS_DEPLOYMENT_TARGET = 13.2;
				MTL_ENABLE_DEBUG_INFO = NO;
				MTL_FAST_MATH = YES;
				SDKROOT = iphoneos;
				SWIFT_COMPILATION_MODE = wholemodule;
				SWIFT_OPTIMIZATION_LEVEL = "-O";
				VALIDATE_PRODUCT = YES;
			};
			name = Release;
		};
		5E3DAC60242A82BE00583CDB /* Debug */ = {
			isa = XCBuildConfiguration;
			buildSettings = {
				ASSETCATALOG_COMPILER_APPICON_NAME = AppIcon;
				CODE_SIGN_STYLE = Automatic;
				DEVELOPMENT_TEAM = 8FUBVVN7HH;
				INFOPLIST_FILE = StorytelApp/Info.plist;
				LD_RUNPATH_SEARCH_PATHS = (
					"$(inherited)",
					"@executable_path/Frameworks",
				);
				PRODUCT_BUNDLE_IDENTIFIER = com.ashuba.StorytelApp;
				PRODUCT_NAME = "$(TARGET_NAME)";
				SWIFT_VERSION = 5.0;
				TARGETED_DEVICE_FAMILY = 1;
			};
			name = Debug;
		};
		5E3DAC61242A82BE00583CDB /* Release */ = {
			isa = XCBuildConfiguration;
			buildSettings = {
				ASSETCATALOG_COMPILER_APPICON_NAME = AppIcon;
				CODE_SIGN_STYLE = Automatic;
				DEVELOPMENT_TEAM = 8FUBVVN7HH;
				INFOPLIST_FILE = StorytelApp/Info.plist;
				LD_RUNPATH_SEARCH_PATHS = (
					"$(inherited)",
					"@executable_path/Frameworks",
				);
				PRODUCT_BUNDLE_IDENTIFIER = com.ashuba.StorytelApp;
				PRODUCT_NAME = "$(TARGET_NAME)";
				SWIFT_VERSION = 5.0;
				TARGETED_DEVICE_FAMILY = 1;
			};
			name = Release;
		};
		5E3DAC63242A82BE00583CDB /* Debug */ = {
			isa = XCBuildConfiguration;
			buildSettings = {
				ALWAYS_EMBED_SWIFT_STANDARD_LIBRARIES = YES;
				BUNDLE_LOADER = "$(TEST_HOST)";
				CLANG_ENABLE_MODULES = YES;
				CODE_SIGN_STYLE = Automatic;
				DEVELOPMENT_TEAM = 8FUBVVN7HH;
				INFOPLIST_FILE = StorytelAppTests/Info.plist;
				IPHONEOS_DEPLOYMENT_TARGET = 13.2;
				LD_RUNPATH_SEARCH_PATHS = (
					"$(inherited)",
					"@executable_path/Frameworks",
					"@loader_path/Frameworks",
				);
				PRODUCT_BUNDLE_IDENTIFIER = com.ashuba.StorytelAppTests;
				PRODUCT_NAME = "$(TARGET_NAME)";
				SWIFT_OPTIMIZATION_LEVEL = "-Onone";
				SWIFT_VERSION = 5.0;
				TARGETED_DEVICE_FAMILY = "1,2";
				TEST_HOST = "$(BUILT_PRODUCTS_DIR)/StorytelApp.app/StorytelApp";
			};
			name = Debug;
		};
		5E3DAC64242A82BE00583CDB /* Release */ = {
			isa = XCBuildConfiguration;
			buildSettings = {
				ALWAYS_EMBED_SWIFT_STANDARD_LIBRARIES = YES;
				BUNDLE_LOADER = "$(TEST_HOST)";
				CLANG_ENABLE_MODULES = YES;
				CODE_SIGN_STYLE = Automatic;
				DEVELOPMENT_TEAM = 8FUBVVN7HH;
				INFOPLIST_FILE = StorytelAppTests/Info.plist;
				IPHONEOS_DEPLOYMENT_TARGET = 13.2;
				LD_RUNPATH_SEARCH_PATHS = (
					"$(inherited)",
					"@executable_path/Frameworks",
					"@loader_path/Frameworks",
				);
				PRODUCT_BUNDLE_IDENTIFIER = com.ashuba.StorytelAppTests;
				PRODUCT_NAME = "$(TARGET_NAME)";
				SWIFT_VERSION = 5.0;
				TARGETED_DEVICE_FAMILY = "1,2";
				TEST_HOST = "$(BUILT_PRODUCTS_DIR)/StorytelApp.app/StorytelApp";
			};
			name = Release;
		};
/* End XCBuildConfiguration section */

/* Begin XCConfigurationList section */
		5E3DAC3B242A82BC00583CDB /* Build configuration list for PBXProject "StorytelApp" */ = {
			isa = XCConfigurationList;
			buildConfigurations = (
				5E3DAC5D242A82BE00583CDB /* Debug */,
				5E3DAC5E242A82BE00583CDB /* Release */,
			);
			defaultConfigurationIsVisible = 0;
			defaultConfigurationName = Release;
		};
		5E3DAC5F242A82BE00583CDB /* Build configuration list for PBXNativeTarget "StorytelApp" */ = {
			isa = XCConfigurationList;
			buildConfigurations = (
				5E3DAC60242A82BE00583CDB /* Debug */,
				5E3DAC61242A82BE00583CDB /* Release */,
			);
			defaultConfigurationIsVisible = 0;
			defaultConfigurationName = Release;
		};
		5E3DAC62242A82BE00583CDB /* Build configuration list for PBXNativeTarget "StorytelAppTests" */ = {
			isa = XCConfigurationList;
			buildConfigurations = (
				5E3DAC63242A82BE00583CDB /* Debug */,
				5E3DAC64242A82BE00583CDB /* Release */,
			);
			defaultConfigurationIsVisible = 0;
			defaultConfigurationName = Release;
		};
/* End XCConfigurationList section */

/* Begin XCRemoteSwiftPackageReference section */
		5ED6F400242C9E160067CF98 /* XCRemoteSwiftPackageReference "SDWebImage" */ = {
			isa = XCRemoteSwiftPackageReference;
			repositoryURL = "https://github.com/SDWebImage/SDWebImage.git";
			requirement = {
				kind = upToNextMajorVersion;
				minimumVersion = 5.6.1;
			};
		};
/* End XCRemoteSwiftPackageReference section */

/* Begin XCSwiftPackageProductDependency section */
		5ED6F401242C9E160067CF98 /* SDWebImage */ = {
			isa = XCSwiftPackageProductDependency;
			package = 5ED6F400242C9E160067CF98 /* XCRemoteSwiftPackageReference "SDWebImage" */;
			productName = SDWebImage;
		};
/* End XCSwiftPackageProductDependency section */
	};
	rootObject = 5E3DAC38242A82BC00583CDB /* Project object */;
}
